
Microsoft Visual Studio Solution File, Format Version 12.00
# Visual Studio 15
Project("{FAE04EC0-301F-11D3-BF4B-00C04F79EFBC}") = "HelloCardBoard", "Assembly-CSharp.csproj", "{A485F4A5-38B0-78BE-642F-69C5D31F9402}"
EndProject
Global
	GlobalSection(SolutionConfigurationPlatforms) = preSolution
		Debug|Any CPU = Debug|Any CPU
		Release|Any CPU = Release|Any CPU
	EndGlobalSection
	GlobalSection(ProjectConfigurationPlatforms) = postSolution
		{A485F4A5-38B0-78BE-642F-69C5D31F9402}.Debug|Any CPU.ActiveCfg = Debug|Any CPU
		{A485F4A5-38B0-78BE-642F-69C5D31F9402}.Debug|Any CPU.Build.0 = Debug|Any CPU
		{A485F4A5-38B0-78BE-642F-69C5D31F9402}.Release|Any CPU.ActiveCfg = Release|Any CPU
		{A485F4A5-38B0-78BE-642F-69C5D31F9402}.Release|Any CPU.Build.0 = Release|Any CPU
	EndGlobalSection
	GlobalSection(SolutionProperties) = preSolution
		HideSolutionNode = FALSE
	EndGlobalSection
EndGlobal
